{
    "_readme": [
        "This file locks the dependencies of your project to a known state",
        "Read more about it at https://getcomposer.org/doc/01-basic-usage.md#installing-dependencies",
        "This file is @generated automatically"
    ],
    "content-hash": "f1e12d127a1b4a725b86c614acdc8692",
    "packages": [
        {
            "name": "gumlet/php-image-resize",
            "version": "2.0.3",
            "source": {
                "type": "git",
                "url": "https://github.com/gumlet/php-image-resize.git",
                "reference": "aee4e2573e83476ffd0ac64b7269f838c8cd9d68"
            },
            "dist": {
                "type": "zip",
                "url": "https://api.github.com/repos/gumlet/php-image-resize/zipball/aee4e2573e83476ffd0ac64b7269f838c8cd9d68",
                "reference": "aee4e2573e83476ffd0ac64b7269f838c8cd9d68",
                "shasum": ""
            },
            "require": {
                "ext-fileinfo": "*",
                "ext-gd": "*",
                "php": ">=5.6.0"
            },
            "require-dev": {
                "apigen/apigen": "^4.1",
                "ext-exif": "*",
                "ext-gd": "*",
                "php-coveralls/php-coveralls": "^2.1",
                "phpunit/phpunit": "^8.5"
            },
            "suggest": {
                "ext-exif": "Auto-rotate jpeg files"
            },
            "type": "library",
            "autoload": {
                "psr-4": {
                    "Gumlet\\": "lib/"
                }
            },
            "notification-url": "https://packagist.org/downloads/",
            "license": [
                "MIT"
            ],
            "authors": [
                {
                    "name": "Aditya Patadia",
                    "homepage": "http://aditya.patadia.org/"
                }
            ],
            "description": "PHP class to re-size and scale images",
            "homepage": "https://github.com/gumlet/php-image-resize",
            "keywords": [
                "image",
                "php",
                "resize",
                "scale"
            ],
            "support": {
                "issues": "https://github.com/gumlet/php-image-resize/issues",
                "source": "https://github.com/gumlet/php-image-resize/tree/2.0.3"
            },
            "time": "2022-06-21T16:20:34+00:00"
        },
        {
            "name": "kavenegar/php",
            "version": "v1.2.2",
            "source": {
                "type": "git",
                "url": "https://github.com/kavenegar/kavenegar-php.git",
                "reference": "884561b8d8c91b01f7db25284c2be9923c809412"
            },
            "dist": {
                "type": "zip",
                "url": "https://api.github.com/repos/kavenegar/kavenegar-php/zipball/884561b8d8c91b01f7db25284c2be9923c809412",
                "reference": "884561b8d8c91b01f7db25284c2be9923c809412",
                "shasum": ""
            },
            "require": {
                "php": ">=5.4.0"
            },
            "type": "library",
            "autoload": {
                "psr-4": {
                    "Kavenegar\\": "src/"
                }
            },
            "notification-url": "https://packagist.org/downloads/",
            "license": [
                "MIT"
            ],
            "authors": [
                {
                    "name": "Kavenegar API Team",
                    "email": "support@kavenegar.com"
                }
            ],
            "description": "A PHP wrapper for Kavenegar's API",
            "homepage": "http://github.com/Kavenegar/kavenegar-php",
            "keywords": [
                "api",
                "kavenegar",
                "sms"
            ],
            "support": {
                "issues": "https://github.com/kavenegar/kavenegar-php/issues",
                "source": "https://github.com/kavenegar/kavenegar-php/tree/master"
            },
            "time": "2019-02-26T12:49:19+00:00"
        }
    ],
    "packages-dev": [],
    "aliases": [],
    "minimum-stability": "stable",
    "stability-flags": [],
    "prefer-stable": false,
    "prefer-lowest": false,
    "platform": {
        "php": "^8.0"
    },
    "platform-dev": [],
    "plugin-api-version": "2.2.0"
}
